{
  "pins" : [
    {
      "identity" : "bmmapview",
      "kind" : "remoteSourceControl",
      "location" : "https://github.com/Mahmoud-Abdelwahab/BMMapView",
      "state" : {
        "branch" : "main",
        "revision" : "1cb03108a2d8b5e332ce81554ce6b7992328f7d1"
      }
    }
  ],
  "version" : 2
}
